
Microsoft Visual Studio Solution File, Format Version 12.00
# Visual Studio Version 17
VisualStudioVersion = 17.5.33516.290
MinimumVisualStudioVersion = 10.0.40219.1
Project("{9A19103F-16F7-4668-BE54-9A1E7A4F7556}") = "StockManager", "StockManager\StockManager.csproj", "{D55F96FD-D8B8-4A97-B931-AA85DF5FD56E}"
EndProject
Project("{9A19103F-16F7-4668-BE54-9A1E7A4F7556}") = "Entities", "Entities\Entities.csproj", "{31E4E63F-E2E5-4B39-9B8F-7232C988167D}"
EndProject
Project("{9A19103F-16F7-4668-BE54-9A1E7A4F7556}") = "Repository", "Repository\Repository.csproj", "{45650AFA-0E29-46D5-81BE-5C8B8C2E7011}"
EndProject
Project("{9A19103F-16F7-4668-BE54-9A1E7A4F7556}") = "Contracts", "Contracts\Contracts.csproj", "{B21491EF-E162-4134-93D8-8F098C08A7E6}"
EndProject
Project("{9A19103F-16F7-4668-BE54-9A1E7A4F7556}") = "Services", "Services\Services.csproj", "{B6757C88-4319-4746-82DA-E7087CB39F18}"
EndProject
Project("{9A19103F-16F7-4668-BE54-9A1E7A4F7556}") = "Service.Contracts", "Service.Contracts\Service.Contracts.csproj", "{78A7B974-AAC3-454A-8A80-A3831CDCE9C3}"
	ProjectSection(ProjectDependencies) = postProject
		{31E4E63F-E2E5-4B39-9B8F-7232C988167D} = {31E4E63F-E2E5-4B39-9B8F-7232C988167D}
	EndProjectSection
EndProject
Project("{FAE04EC0-301F-11D3-BF4B-00C04F79EFBC}") = "Shared", "Shared\Shared.csproj", "{2BAA1C6D-B556-4205-9004-4ABF8195024C}"
EndProject
Global
	GlobalSection(SolutionConfigurationPlatforms) = preSolution
		Debug|Any CPU = Debug|Any CPU
		Release|Any CPU = Release|Any CPU
	EndGlobalSection
	GlobalSection(ProjectConfigurationPlatforms) = postSolution
		{D55F96FD-D8B8-4A97-B931-AA85DF5FD56E}.Debug|Any CPU.ActiveCfg = Debug|Any CPU
		{D55F96FD-D8B8-4A97-B931-AA85DF5FD56E}.Debug|Any CPU.Build.0 = Debug|Any CPU
		{D55F96FD-D8B8-4A97-B931-AA85DF5FD56E}.Release|Any CPU.ActiveCfg = Release|Any CPU
		{D55F96FD-D8B8-4A97-B931-AA85DF5FD56E}.Release|Any CPU.Build.0 = Release|Any CPU
		{31E4E63F-E2E5-4B39-9B8F-7232C988167D}.Debug|Any CPU.ActiveCfg = Debug|Any CPU
		{31E4E63F-E2E5-4B39-9B8F-7232C988167D}.Debug|Any CPU.Build.0 = Debug|Any CPU
		{31E4E63F-E2E5-4B39-9B8F-7232C988167D}.Release|Any CPU.ActiveCfg = Release|Any CPU
		{31E4E63F-E2E5-4B39-9B8F-7232C988167D}.Release|Any CPU.Build.0 = Release|Any CPU
		{45650AFA-0E29-46D5-81BE-5C8B8C2E7011}.Debug|Any CPU.ActiveCfg = Debug|Any CPU
		{45650AFA-0E29-46D5-81BE-5C8B8C2E7011}.Debug|Any CPU.Build.0 = Debug|Any CPU
		{45650AFA-0E29-46D5-81BE-5C8B8C2E7011}.Release|Any CPU.ActiveCfg = Release|Any CPU
		{45650AFA-0E29-46D5-81BE-5C8B8C2E7011}.Release|Any CPU.Build.0 = Release|Any CPU
		{B21491EF-E162-4134-93D8-8F098C08A7E6}.Debug|Any CPU.ActiveCfg = Debug|Any CPU
		{B21491EF-E162-4134-93D8-8F098C08A7E6}.Debug|Any CPU.Build.0 = Debug|Any CPU
		{B21491EF-E162-4134-93D8-8F098C08A7E6}.Release|Any CPU.ActiveCfg = Release|Any CPU
		{B21491EF-E162-4134-93D8-8F098C08A7E6}.Release|Any CPU.Build.0 = Release|Any CPU
		{B6757C88-4319-4746-82DA-E7087CB39F18}.Debug|Any CPU.ActiveCfg = Debug|Any CPU
		{B6757C88-4319-4746-82DA-E7087CB39F18}.Debug|Any CPU.Build.0 = Debug|Any CPU
		{B6757C88-4319-4746-82DA-E7087CB39F18}.Release|Any CPU.ActiveCfg = Release|Any CPU
		{B6757C88-4319-4746-82DA-E7087CB39F18}.Release|Any CPU.Build.0 = Release|Any CPU
		{78A7B974-AAC3-454A-8A80-A3831CDCE9C3}.Debug|Any CPU.ActiveCfg = Debug|Any CPU
		{78A7B974-AAC3-454A-8A80-A3831CDCE9C3}.Debug|Any CPU.Build.0 = Debug|Any CPU
		{78A7B974-AAC3-454A-8A80-A3831CDCE9C3}.Release|Any CPU.ActiveCfg = Release|Any CPU
		{78A7B974-AAC3-454A-8A80-A3831CDCE9C3}.Release|Any CPU.Build.0 = Release|Any CPU
		{2BAA1C6D-B556-4205-9004-4ABF8195024C}.Debug|Any CPU.ActiveCfg = Debug|Any CPU
		{2BAA1C6D-B556-4205-9004-4ABF8195024C}.Debug|Any CPU.Build.0 = Debug|Any CPU
		{2BAA1C6D-B556-4205-9004-4ABF8195024C}.Release|Any CPU.ActiveCfg = Release|Any CPU
		{2BAA1C6D-B556-4205-9004-4ABF8195024C}.Release|Any CPU.Build.0 = Release|Any CPU
	EndGlobalSection
	GlobalSection(SolutionProperties) = preSolution
		HideSolutionNode = FALSE
	EndGlobalSection
	GlobalSection(ExtensibilityGlobals) = postSolution
		SolutionGuid = {332F7FA5-87E1-4CD0-B174-490C48B70C6D}
	EndGlobalSection
EndGlobal
